version = 1
revision = 3
requires-python = ">=3.11"

[[package]]
name = "appraisal360-database"
version = "0.1.0"
source = { editable = "." }
dependencies = [
    { name = "psycopg", extra = ["binary"] },
]

[package.metadata]
requires-dist = [{ name = "psycopg", extras = ["binary"], specifier = "==3.2.1" }]

[[package]]
name = "psycopg"
version = "3.2.1"
source = { registry = "https://pypi.org/simple" }
dependencies = [
    { name = "typing-extensions" },
    { name = "tzdata", marker = "sys_platform == 'win32'" },
]
sdist = { url = "https://files.pythonhosted.org/packages/ff/8e/f176997fd790d3dce9fa0ca695391beaeee39af7ecd6d426c4c063cf6744/psycopg-3.2.1.tar.gz", hash = "sha256:dc8da6dc8729dacacda3cc2f17d2c9397a70a66cf0d2b69c91065d60d5f00cb7", size = 155313, upload-time = "2024-07-01T03:35:50.314Z" }
wheels = [
    { url = "https://files.pythonhosted.org/packages/8a/0e/0f755db36f47f96464463385552f8f132a981731356837c9a30a11ab2d35/psycopg-3.2.1-py3-none-any.whl", hash = "sha256:ece385fb413a37db332f97c49208b36cf030ff02b199d7635ed2fbd378724175", size = 197743, upload-time = "2024-07-01T03:30:14.942Z" },
]

[package.optional-dependencies]
binary = [
    { name = "psycopg-binary", marker = "implementation_name != 'pypy'" },
]

[[package]]
name = "psycopg-binary"
version = "3.2.1"
source = { registry = "https://pypi.org/simple" }
wheels = [
    { url = "https://files.pythonhosted.org/packages/43/68/f49dd22dc9f9869597d90fff73dcc8c9754304cdfeefa5f463abb4a1fcce/psycopg_binary-3.2.1-cp311-cp311-macosx_12_0_x86_64.whl", hash = "sha256:62b1b7b07e00ee490afb39c0a47d8282a9c2822c7cfed9553a04b0058adf7e7f", size = 3388952, upload-time = "2024-07-01T03:31:32.649Z" },
    { url = "https://files.pythonhosted.org/packages/ef/3c/90210e090be228e9876bc210576cfd75e240505f16c92fa8b11839acbf35/psycopg_binary-3.2.1-cp311-cp311-macosx_14_0_arm64.whl", hash = "sha256:f8afb07114ea9b924a4a0305ceb15354ccf0ef3c0e14d54b8dbeb03e50182dd7", size = 3506474, upload-time = "2024-07-01T03:31:38.376Z" },
    { url = "https://files.pythonhosted.org/packages/9d/2a/d45ff1f4b8d5b334695f3f5a68c722dbf483b65348f2e2639cf2f45c7b73/psycopg_binary-3.2.1-cp311-cp311-manylinux_2_17_aarch64.manylinux2014_aarch64.whl", hash = "sha256:40bb515d042f6a345714ec0403df68ccf13f73b05e567837d80c886c7c9d3805", size = 4464849, upload-time = "2024-07-01T03:31:47.787Z" },
    { url = "https://files.pythonhosted.org/packages/8c/ce/60562887f1363747ce2e074841548f96b433dd50e78d822c88e7ad6ec817/psycopg_binary-3.2.1-cp311-cp311-manylinux_2_17_i686.manylinux2014_i686.whl", hash = "sha256:6418712ba63cebb0c88c050b3997185b0ef54173b36568522d5634ac06153040", size = 4263085, upload-time = "2024-07-01T03:31:55.249Z" },
    { url = "https://files.pythonhosted.org/packages/2e/4f/af3cb85b967d2616c9c4e2bea9e865c8d0c38fc83ce5db1ef050ceba2bea/psycopg_binary-3.2.1-cp311-cp311-manylinux_2_17_ppc64le.manylinux2014_ppc64le.whl", hash = "sha256:101472468d59c74bb8565fab603e032803fd533d16be4b2d13da1bab8deb32a3", size = 4514411, upload-time = "2024-07-01T03:31:59.738Z" },
    { url = "https://files.pythonhosted.org/packages/1d/00/685055d15f70e57d24cffe59021d53d428cdd7126b87442b5b07c9ffd222/psycopg_binary-3.2.1-cp311-cp311-manylinux_2_17_x86_64.manylinux2014_x86_64.whl", hash = "sha256:aa3931f308ab4a479d0ee22dc04bea867a6365cac0172e5ddcba359da043854b", size = 4207636, upload-time = "2024-07-01T03:32:04.407Z" },
    { url = "https://files.pythonhosted.org/packages/72/9f/d6f6c8f60c4ebcc270efda17ab22110b24934f610dc7d5d3e2dc1e9eecbc/psycopg_binary-3.2.1-cp311-cp311-musllinux_1_2_aarch64.whl", hash = "sha256:dc314a47d44fe1a8069b075a64abffad347a3a1d8652fed1bab5d3baea37acb2", size = 3132484, upload-time = "2024-07-01T03:32:09.851Z" },
    { url = "https://files.pythonhosted.org/packages/8e/e8/742cca374ab3725606f79a9b3b2429bba73917e1d14d52ba39d83dec0a3c/psycopg_binary-3.2.1-cp311-cp311-musllinux_1_2_i686.whl", hash = "sha256:cc304a46be1e291031148d9d95c12451ffe783ff0cc72f18e2cc7ec43cdb8c68", size = 3111128, upload-time = "2024-07-01T03:32:16.741Z" },
    { url = "https://files.pythonhosted.org/packages/61/a9/046536ef56a785e12c72c2a2507058473889bd7d625fbce142f1a1662bc2/psycopg_binary-3.2.1-cp311-cp311-musllinux_1_2_ppc64le.whl", hash = "sha256:6f9e13600647087df5928875559f0eb8f496f53e6278b7da9511b4b3d0aff960", size = 3213088, upload-time = "2024-07-01T03:32:22.139Z" },
    { url = "https://files.pythonhosted.org/packages/2d/40/a988739a5d8e72c553a44abba71217c601400e5164a874916e2aa4285139/psycopg_binary-3.2.1-cp311-cp311-musllinux_1_2_x86_64.whl", hash = "sha256:b140182830c76c74d17eba27df3755a46442ce8d4fb299e7f1cf2f74a87c877b", size = 3252404, upload-time = "2024-07-01T03:32:29.682Z" },
    { url = "https://files.pythonhosted.org/packages/c7/16/bfefaa5417e05f77c12f1cd099da7a00666fb2c8aef5996014f255a29857/psycopg_binary-3.2.1-cp311-cp311-win_amd64.whl", hash = "sha256:3c838806eeb99af39f934b7999e35f947a8e577997cc892c12b5053a97a9057f", size = 2925802, upload-time = "2024-07-01T03:32:34.955Z" },
    { url = "https://files.pythonhosted.org/packages/50/5d/51d39aafab4384a744d5e927b7867f3dadd8537249e8173e34aaf894db94/psycopg_binary-3.2.1-cp312-cp312-macosx_12_0_x86_64.whl", hash = "sha256:7066d3dca196ed0dc6172f9777b2d62e4f138705886be656cccff2d555234d60", size = 3359766, upload-time = "2024-07-01T03:32:40.595Z" },
    { url = "https://files.pythonhosted.org/packages/e4/7b/75be686af04e2019b53a9ff22de3aa750db7d34f532e4b949ed15a78b627/psycopg_binary-3.2.1-cp312-cp312-macosx_14_0_arm64.whl", hash = "sha256:28ada5f610468c57d8a4a055a8ea915d0085a43d794266c4f3b9d02f4288f4db", size = 3503325, upload-time = "2024-07-01T03:32:45.464Z" },
    { url = "https://files.pythonhosted.org/packages/3f/9a/28da916a65fb40fb3e1a97e1ae0a26860d8c1265c6e9766bd6c47abc437b/psycopg_binary-3.2.1-cp312-cp312-manylinux_2_17_aarch64.manylinux2014_aarch64.whl", hash = "sha256:2e8213bf50af073b1aa8dc3cff123bfeedac86332a16c1b7274910bc88a847c7", size = 4443593, upload-time = "2024-07-01T03:32:54.341Z" },
    { url = "https://files.pythonhosted.org/packages/b0/9a/3dc1237a2ef3344b347af79e1aad2a60277cfafa2846f54cb13e1cd8c528/psycopg_binary-3.2.1-cp312-cp312-manylinux_2_17_i686.manylinux2014_i686.whl", hash = "sha256:74d623261655a169bc84a9669890975c229f2fa6e19a7f2d10a77675dcf1a707", size = 4247005, upload-time = "2024-07-01T03:33:01.162Z" },
    { url = "https://files.pythonhosted.org/packages/d0/a9/06491cb0338b6f0868d349d2a526586dc165e508b64daa2ff45f9db7ba4b/psycopg_binary-3.2.1-cp312-cp312-manylinux_2_17_ppc64le.manylinux2014_ppc64le.whl", hash = "sha256:42781ba94e8842ee98bca5a7d0c44cc9d067500fedca2d6a90fa3609b6d16b42", size = 4484179, upload-time = "2024-07-01T03:33:09.385Z" },
    { url = "https://files.pythonhosted.org/packages/4b/5f/b1116467dd18b4efc1aa7f03c96da751724a43c6a630979c61f60a9fbe5f/psycopg_binary-3.2.1-cp312-cp312-manylinux_2_17_x86_64.manylinux2014_x86_64.whl", hash = "sha256:33e6669091d09f8ba36e10ce678a6d9916e110446236a9b92346464a3565635e", size = 4186490, upload-time = "2024-07-01T03:33:15.295Z" },
    { url = "https://files.pythonhosted.org/packages/a4/87/6092d1701d36c5aeb74c35cb54266fd44ee0f7711cafa4c0bffd873bdb61/psycopg_binary-3.2.1-cp312-cp312-musllinux_1_2_aarch64.whl", hash = "sha256:b09e8a576a2ac69d695032ee76f31e03b30781828b5dd6d18c6a009e5a3d1c35", size = 3109385, upload-time = "2024-07-01T03:33:20.174Z" },
    { url = "https://files.pythonhosted.org/packages/62/61/4ad7e29d09202478b6f568fff19efa978a4f2c25cb5efcd73544a4ee8be7/psycopg_binary-3.2.1-cp312-cp312-musllinux_1_2_i686.whl", hash = "sha256:8f28ff0cb9f1defdc4a6f8c958bf6787274247e7dfeca811f6e2f56602695fb1", size = 3094397, upload-time = "2024-07-01T03:33:25.285Z" },
    { url = "https://files.pythonhosted.org/packages/b7/dd/0ae42c64bf524d1fcf9bf861ab09d331e693ae00e527ba08131b2d3729a3/psycopg_binary-3.2.1-cp312-cp312-musllinux_1_2_ppc64le.whl", hash = "sha256:4c84fcac8a3a3479ac14673095cc4e1fdba2935499f72c436785ac679bec0d1a", size = 3184097, upload-time = "2024-07-01T03:33:31.268Z" },
    { url = "https://files.pythonhosted.org/packages/dd/f0/09329ebb0cd03e2ee5786fc9914ac904f4965b78627f15826f8258fde734/psycopg_binary-3.2.1-cp312-cp312-musllinux_1_2_x86_64.whl", hash = "sha256:950fd666ec9e9fe6a8eeb2b5a8f17301790e518953730ad44d715b59ffdbc67f", size = 3228517, upload-time = "2024-07-01T03:33:37.824Z" },
    { url = "https://files.pythonhosted.org/packages/60/2f/979228189adbeb59afce626f1e7c3bf73cc7ff94217099a2ddfd6fd132ff/psycopg_binary-3.2.1-cp312-cp312-win_amd64.whl", hash = "sha256:334046a937bb086c36e2c6889fe327f9f29bfc085d678f70fac0b0618949f674", size = 2911959, upload-time = "2024-07-01T03:33:43.357Z" },
]

[[package]]
name = "typing-extensions"
version = "4.15.0"
source = { registry = "https://pypi.org/simple" }
sdist = { url = "https://files.pythonhosted.org/packages/72/94/1a15dd82efb362ac84269196e94cf00f187f7ed21c242792a923cdb1c61f/typing_extensions-4.15.0.tar.gz", hash = "sha256:0cea48d173cc12fa28ecabc3b837ea3cf6f38c6d1136f85cbaaf598984861466", size = 109391, upload-time = "2025-08-25T13:49:26.313Z" }
wheels = [
    { url = "https://files.pythonhosted.org/packages/18/67/36e9267722cc04a6b9f15c7f3441c2363321a3ea07da7ae0c0707beb2a9c/typing_extensions-4.15.0-py3-none-any.whl", hash = "sha256:f0fa19c6845758ab08074a0cfa8b7aecb71c999ca73d62883bc25cc018c4e548", size = 44614, upload-time = "2025-08-25T13:49:24.86Z" },
]

[[package]]
name = "tzdata"
version = "2026.1"
source = { registry = "https://pypi.org/simple" }
sdist = { url = "https://files.pythonhosted.org/packages/19/f5/cd531b2d15a671a40c0f66cf06bc3570a12cd56eef98960068ebbad1bf5a/tzdata-2026.1.tar.gz", hash = "sha256:67658a1903c75917309e753fdc349ac0efd8c27db7a0cb406a25be4840f87f98", size = 197639, upload-time = "2026-04-03T11:25:22.002Z" }
wheels = [
    { url = "https://files.pythonhosted.org/packages/b0/70/d460bd685a170790ec89317e9bd33047988e4bce507b831f5db771e142de/tzdata-2026.1-py2.py3-none-any.whl", hash = "sha256:4b1d2be7ac37ceafd7327b961aa3a54e467efbdb563a23655fbfe0d39cfc42a9", size = 348952, upload-time = "2026-04-03T11:25:20.313Z" },
]
